<?xml version="1.0" encoding="utf-8"?>
<Project ToolsVersion="4.0" xmlns="http://schemas.microsoft.com/developer/msbuild/2003">
  <ItemGroup>
    <Filter Include="wizzard">
      <UniqueIdentifier>{90C4E3C9-FCA3-6265-05BC-ED3B711AC9C6}</UniqueIdentifier>
    </Filter>
    <Filter Include="wizzard\core">
      <UniqueIdentifier>{08CF4FF6-F431-DF9A-9DB7-175189F9AA1D}</UniqueIdentifier>
    </Filter>
    <Filter Include="wizzard\event">
      <UniqueIdentifier>{018271C0-6D42-EDF6-367D-3674A2FC31D3}</UniqueIdentifier>
    </Filter>
  </ItemGroup>
  <ItemGroup>
    <ClInclude Include="src\Wizzard.h" />
    <ClInclude Include="src\wizzard\core\Application.h">
      <Filter>wizzard\core</Filter>
    </ClInclude>
    <ClInclude Include="src\wizzard\core\Core.h">
      <Filter>wizzard\core</Filter>
    </ClInclude>
    <ClInclude Include="src\wizzard\core\EntryPoint.h">
      <Filter>wizzard\core</Filter>
    </ClInclude>
    <ClInclude Include="src\wizzard\core\KeyCode.h">
      <Filter>wizzard\core</Filter>
    </ClInclude>
    <ClInclude Include="src\wizzard\core\Log.h">
      <Filter>wizzard\core</Filter>
    </ClInclude>
    <ClInclude Include="src\wizzard\core\MouseCode.h">
      <Filter>wizzard\core</Filter>
    </ClInclude>
    <ClInclude Include="src\wizzard\event\Event.h">
      <Filter>wizzard\event</Filter>
    </ClInclude>
    <ClInclude Include="src\wizzard\event\EventHandler.h">
      <Filter>wizzard\event</Filter>
    </ClInclude>
    <ClInclude Include="src\wizzard\event\KeyEvent.h">
      <Filter>wizzard\event</Filter>
    </ClInclude>
    <ClInclude Include="src\wizzard\event\MouseEvent.h">
      <Filter>wizzard\event</Filter>
    </ClInclude>
    <ClInclude Include="src\wizzard\wzpch.h">
      <Filter>wizzard</Filter>
    </ClInclude>
    <ClInclude Include="src\wizzard\event\ApplicationEvent.h" />
  </ItemGroup>
  <ItemGroup>
    <ClCompile Include="src\wizzard\core\Application.cpp">
      <Filter>wizzard\core</Filter>
    </ClCompile>
    <ClCompile Include="src\wizzard\core\Log.cpp">
      <Filter>wizzard\core</Filter>
    </ClCompile>
    <ClCompile Include="src\wizzard\wzpch.cpp">
      <Filter>wizzard</Filter>
    </ClCompile>
  </ItemGroup>
</Project>